
Microsoft Visual Studio Solution File, Format Version 12.00
# Visual Studio 14
VisualStudioVersion = 14.0.25420.1
MinimumVisualStudioVersion = 10.0.40219.1
Project("{FAE04EC0-301F-11D3-BF4B-00C04F79EFBC}") = "SirenOfShame.Uwp.Background", "SirenOfShame.Uwp.Background\SirenOfShame.Uwp.Background.csproj", "{5D1E671D-7542-4CCD-99EE-1BA040DD48A8}"
EndProject
Project("{8BB2217D-0F2D-49D1-97BC-3654ED321F3B}") = "SirenOfShame.Uwp.Web", "SirenOfShame.Uwp.Web\SirenOfShame.Uwp.Web.xproj", "{2F008915-BB19-4C96-B2CB-22ECAFC4F27D}"
EndProject
Project("{FAE04EC0-301F-11D3-BF4B-00C04F79EFBC}") = "SirenOfShame.Uwp.Watcher", "SirenOfShame.Uwp.Watcher\SirenOfShame.Uwp.Watcher.csproj", "{36C7FC2F-C4D9-4FC3-9F47-981704D74B8C}"
EndProject
Project("{FAE04EC0-301F-11D3-BF4B-00C04F79EFBC}") = "SirenOfShame.Uwp.Tests", "SirenOfShame.Uwp.Tests\SirenOfShame.Uwp.Tests.csproj", "{5C68F2B7-04C2-475F-B1FB-0F242375660C}"
EndProject
Project("{FAE04EC0-301F-11D3-BF4B-00C04F79EFBC}") = "IotWeb UWP", "iotweb\IotWeb UWP\IotWeb UWP.csproj", "{EE7A0ED2-5249-4D5A-A030-E4D15A72E24E}"
EndProject
Project("{FAE04EC0-301F-11D3-BF4B-00C04F79EFBC}") = "IotWeb Portable", "iotweb\IotWeb Portable\IotWeb Portable.csproj", "{E788CA1A-9838-48A1-A961-1137E74EAF70}"
EndProject
Project("{FAE04EC0-301F-11D3-BF4B-00C04F79EFBC}") = "SirenOfShame.Uwp.TestServer", "SirenOfShame.Uwp.TestServer\SirenOfShame.Uwp.TestServer.csproj", "{8F1A39B5-108C-4C5B-ABBE-8885DC314AA1}"
EndProject
Project("{FAE04EC0-301F-11D3-BF4B-00C04F79EFBC}") = "SirenOfShame.Uwp.Server", "SirenOfShame.Uwp.Server\SirenOfShame.Uwp.Server.csproj", "{E58A4FFB-DB5F-4989-AE8C-E8EBA394F0FD}"
EndProject
Project("{2150E333-8FDC-42A3-9474-1A3956D46DE8}") = "Solution Items", "Solution Items", "{ADD77C91-0B56-41C3-9438-C45A61117EC6}"
	ProjectSection(SolutionItems) = preProject
		readme.md = readme.md
	EndProjectSection
EndProject
Project("{FAE04EC0-301F-11D3-BF4B-00C04F79EFBC}") = "SirenOfShame.Uwp.Ui", "SirenOfShame.Uwp.Ui\SirenOfShame.Uwp.Ui.csproj", "{A6303547-22A0-4CD1-902D-5AC054D33C54}"
EndProject
Global
	GlobalSection(SolutionConfigurationPlatforms) = preSolution
		Debug|Any CPU = Debug|Any CPU
		Debug|ARM = Debug|ARM
		Debug|x64 = Debug|x64
		Debug|x86 = Debug|x86
		Release|Any CPU = Release|Any CPU
		Release|ARM = Release|ARM
		Release|x64 = Release|x64
		Release|x86 = Release|x86
	EndGlobalSection
	GlobalSection(ProjectConfigurationPlatforms) = postSolution
		{5D1E671D-7542-4CCD-99EE-1BA040DD48A8}.Debug|Any CPU.ActiveCfg = Debug|x86
		{5D1E671D-7542-4CCD-99EE-1BA040DD48A8}.Debug|ARM.ActiveCfg = Debug|ARM
		{5D1E671D-7542-4CCD-99EE-1BA040DD48A8}.Debug|ARM.Build.0 = Debug|ARM
		{5D1E671D-7542-4CCD-99EE-1BA040DD48A8}.Debug|ARM.Deploy.0 = Debug|ARM
		{5D1E671D-7542-4CCD-99EE-1BA040DD48A8}.Debug|x64.ActiveCfg = Debug|x64
		{5D1E671D-7542-4CCD-99EE-1BA040DD48A8}.Debug|x64.Build.0 = Debug|x64
		{5D1E671D-7542-4CCD-99EE-1BA040DD48A8}.Debug|x64.Deploy.0 = Debug|x64
		{5D1E671D-7542-4CCD-99EE-1BA040DD48A8}.Debug|x86.ActiveCfg = Debug|x86
		{5D1E671D-7542-4CCD-99EE-1BA040DD48A8}.Debug|x86.Build.0 = Debug|x86
		{5D1E671D-7542-4CCD-99EE-1BA040DD48A8}.Debug|x86.Deploy.0 = Debug|x86
		{5D1E671D-7542-4CCD-99EE-1BA040DD48A8}.Release|Any CPU.ActiveCfg = Release|x86
		{5D1E671D-7542-4CCD-99EE-1BA040DD48A8}.Release|ARM.ActiveCfg = Release|ARM
		{5D1E671D-7542-4CCD-99EE-1BA040DD48A8}.Release|ARM.Build.0 = Release|ARM
		{5D1E671D-7542-4CCD-99EE-1BA040DD48A8}.Release|ARM.Deploy.0 = Release|ARM
		{5D1E671D-7542-4CCD-99EE-1BA040DD48A8}.Release|x64.ActiveCfg = Release|x64
		{5D1E671D-7542-4CCD-99EE-1BA040DD48A8}.Release|x64.Build.0 = Release|x64
		{5D1E671D-7542-4CCD-99EE-1BA040DD48A8}.Release|x64.Deploy.0 = Release|x64
		{5D1E671D-7542-4CCD-99EE-1BA040DD48A8}.Release|x86.ActiveCfg = Release|x86
		{5D1E671D-7542-4CCD-99EE-1BA040DD48A8}.Release|x86.Build.0 = Release|x86
		{5D1E671D-7542-4CCD-99EE-1BA040DD48A8}.Release|x86.Deploy.0 = Release|x86
		{2F008915-BB19-4C96-B2CB-22ECAFC4F27D}.Debug|Any CPU.ActiveCfg = Debug|Any CPU
		{2F008915-BB19-4C96-B2CB-22ECAFC4F27D}.Debug|Any CPU.Build.0 = Debug|Any CPU
		{2F008915-BB19-4C96-B2CB-22ECAFC4F27D}.Debug|ARM.ActiveCfg = Debug|Any CPU
		{2F008915-BB19-4C96-B2CB-22ECAFC4F27D}.Debug|ARM.Build.0 = Debug|Any CPU
		{2F008915-BB19-4C96-B2CB-22ECAFC4F27D}.Debug|x64.ActiveCfg = Debug|Any CPU
		{2F008915-BB19-4C96-B2CB-22ECAFC4F27D}.Debug|x64.Build.0 = Debug|Any CPU
		{2F008915-BB19-4C96-B2CB-22ECAFC4F27D}.Debug|x86.ActiveCfg = Debug|Any CPU
		{2F008915-BB19-4C96-B2CB-22ECAFC4F27D}.Debug|x86.Build.0 = Debug|Any CPU
		{2F008915-BB19-4C96-B2CB-22ECAFC4F27D}.Release|Any CPU.ActiveCfg = Release|Any CPU
		{2F008915-BB19-4C96-B2CB-22ECAFC4F27D}.Release|Any CPU.Build.0 = Release|Any CPU
		{2F008915-BB19-4C96-B2CB-22ECAFC4F27D}.Release|ARM.ActiveCfg = Release|Any CPU
		{2F008915-BB19-4C96-B2CB-22ECAFC4F27D}.Release|ARM.Build.0 = Release|Any CPU
		{2F008915-BB19-4C96-B2CB-22ECAFC4F27D}.Release|x64.ActiveCfg = Release|Any CPU
		{2F008915-BB19-4C96-B2CB-22ECAFC4F27D}.Release|x64.Build.0 = Release|Any CPU
		{2F008915-BB19-4C96-B2CB-22ECAFC4F27D}.Release|x86.ActiveCfg = Release|Any CPU
		{2F008915-BB19-4C96-B2CB-22ECAFC4F27D}.Release|x86.Build.0 = Release|Any CPU
		{36C7FC2F-C4D9-4FC3-9F47-981704D74B8C}.Debug|Any CPU.ActiveCfg = Debug|Any CPU
		{36C7FC2F-C4D9-4FC3-9F47-981704D74B8C}.Debug|Any CPU.Build.0 = Debug|Any CPU
		{36C7FC2F-C4D9-4FC3-9F47-981704D74B8C}.Debug|ARM.ActiveCfg = Debug|Any CPU
		{36C7FC2F-C4D9-4FC3-9F47-981704D74B8C}.Debug|ARM.Build.0 = Debug|Any CPU
		{36C7FC2F-C4D9-4FC3-9F47-981704D74B8C}.Debug|x64.ActiveCfg = Debug|Any CPU
		{36C7FC2F-C4D9-4FC3-9F47-981704D74B8C}.Debug|x64.Build.0 = Debug|Any CPU
		{36C7FC2F-C4D9-4FC3-9F47-981704D74B8C}.Debug|x86.ActiveCfg = Debug|Any CPU
		{36C7FC2F-C4D9-4FC3-9F47-981704D74B8C}.Debug|x86.Build.0 = Debug|Any CPU
		{36C7FC2F-C4D9-4FC3-9F47-981704D74B8C}.Release|Any CPU.ActiveCfg = Release|Any CPU
		{36C7FC2F-C4D9-4FC3-9F47-981704D74B8C}.Release|Any CPU.Build.0 = Release|Any CPU
		{36C7FC2F-C4D9-4FC3-9F47-981704D74B8C}.Release|ARM.ActiveCfg = Release|Any CPU
		{36C7FC2F-C4D9-4FC3-9F47-981704D74B8C}.Release|ARM.Build.0 = Release|Any CPU
		{36C7FC2F-C4D9-4FC3-9F47-981704D74B8C}.Release|x64.ActiveCfg = Release|Any CPU
		{36C7FC2F-C4D9-4FC3-9F47-981704D74B8C}.Release|x64.Build.0 = Release|Any CPU
		{36C7FC2F-C4D9-4FC3-9F47-981704D74B8C}.Release|x86.ActiveCfg = Release|Any CPU
		{36C7FC2F-C4D9-4FC3-9F47-981704D74B8C}.Release|x86.Build.0 = Release|Any CPU
		{5C68F2B7-04C2-475F-B1FB-0F242375660C}.Debug|Any CPU.ActiveCfg = Debug|Any CPU
		{5C68F2B7-04C2-475F-B1FB-0F242375660C}.Debug|Any CPU.Build.0 = Debug|Any CPU
		{5C68F2B7-04C2-475F-B1FB-0F242375660C}.Debug|ARM.ActiveCfg = Debug|Any CPU
		{5C68F2B7-04C2-475F-B1FB-0F242375660C}.Debug|ARM.Build.0 = Debug|Any CPU
		{5C68F2B7-04C2-475F-B1FB-0F242375660C}.Debug|x64.ActiveCfg = Debug|Any CPU
		{5C68F2B7-04C2-475F-B1FB-0F242375660C}.Debug|x64.Build.0 = Debug|Any CPU
		{5C68F2B7-04C2-475F-B1FB-0F242375660C}.Debug|x86.ActiveCfg = Debug|Any CPU
		{5C68F2B7-04C2-475F-B1FB-0F242375660C}.Debug|x86.Build.0 = Debug|Any CPU
		{5C68F2B7-04C2-475F-B1FB-0F242375660C}.Release|Any CPU.ActiveCfg = Release|Any CPU
		{5C68F2B7-04C2-475F-B1FB-0F242375660C}.Release|Any CPU.Build.0 = Release|Any CPU
		{5C68F2B7-04C2-475F-B1FB-0F242375660C}.Release|ARM.ActiveCfg = Release|Any CPU
		{5C68F2B7-04C2-475F-B1FB-0F242375660C}.Release|ARM.Build.0 = Release|Any CPU
		{5C68F2B7-04C2-475F-B1FB-0F242375660C}.Release|x64.ActiveCfg = Release|Any CPU
		{5C68F2B7-04C2-475F-B1FB-0F242375660C}.Release|x64.Build.0 = Release|Any CPU
		{5C68F2B7-04C2-475F-B1FB-0F242375660C}.Release|x86.ActiveCfg = Release|Any CPU
		{5C68F2B7-04C2-475F-B1FB-0F242375660C}.Release|x86.Build.0 = Release|Any CPU
		{EE7A0ED2-5249-4D5A-A030-E4D15A72E24E}.Debug|Any CPU.ActiveCfg = Debug|Any CPU
		{EE7A0ED2-5249-4D5A-A030-E4D15A72E24E}.Debug|Any CPU.Build.0 = Debug|Any CPU
		{EE7A0ED2-5249-4D5A-A030-E4D15A72E24E}.Debug|ARM.ActiveCfg = Debug|ARM
		{EE7A0ED2-5249-4D5A-A030-E4D15A72E24E}.Debug|ARM.Build.0 = Debug|ARM
		{EE7A0ED2-5249-4D5A-A030-E4D15A72E24E}.Debug|x64.ActiveCfg = Debug|x64
		{EE7A0ED2-5249-4D5A-A030-E4D15A72E24E}.Debug|x64.Build.0 = Debug|x64
		{EE7A0ED2-5249-4D5A-A030-E4D15A72E24E}.Debug|x86.ActiveCfg = Debug|x86
		{EE7A0ED2-5249-4D5A-A030-E4D15A72E24E}.Debug|x86.Build.0 = Debug|x86
		{EE7A0ED2-5249-4D5A-A030-E4D15A72E24E}.Release|Any CPU.ActiveCfg = Release|Any CPU
		{EE7A0ED2-5249-4D5A-A030-E4D15A72E24E}.Release|Any CPU.Build.0 = Release|Any CPU
		{EE7A0ED2-5249-4D5A-A030-E4D15A72E24E}.Release|ARM.ActiveCfg = Release|ARM
		{EE7A0ED2-5249-4D5A-A030-E4D15A72E24E}.Release|ARM.Build.0 = Release|ARM
		{EE7A0ED2-5249-4D5A-A030-E4D15A72E24E}.Release|x64.ActiveCfg = Release|x64
		{EE7A0ED2-5249-4D5A-A030-E4D15A72E24E}.Release|x64.Build.0 = Release|x64
		{EE7A0ED2-5249-4D5A-A030-E4D15A72E24E}.Release|x86.ActiveCfg = Release|x86
		{EE7A0ED2-5249-4D5A-A030-E4D15A72E24E}.Release|x86.Build.0 = Release|x86
		{E788CA1A-9838-48A1-A961-1137E74EAF70}.Debug|Any CPU.ActiveCfg = Debug|Any CPU
		{E788CA1A-9838-48A1-A961-1137E74EAF70}.Debug|Any CPU.Build.0 = Debug|Any CPU
		{E788CA1A-9838-48A1-A961-1137E74EAF70}.Debug|ARM.ActiveCfg = Debug|Any CPU
		{E788CA1A-9838-48A1-A961-1137E74EAF70}.Debug|ARM.Build.0 = Debug|Any CPU
		{E788CA1A-9838-48A1-A961-1137E74EAF70}.Debug|x64.ActiveCfg = Debug|Any CPU
		{E788CA1A-9838-48A1-A961-1137E74EAF70}.Debug|x64.Build.0 = Debug|Any CPU
		{E788CA1A-9838-48A1-A961-1137E74EAF70}.Debug|x86.ActiveCfg = Debug|Any CPU
		{E788CA1A-9838-48A1-A961-1137E74EAF70}.Debug|x86.Build.0 = Debug|Any CPU
		{E788CA1A-9838-48A1-A961-1137E74EAF70}.Release|Any CPU.ActiveCfg = Release|Any CPU
		{E788CA1A-9838-48A1-A961-1137E74EAF70}.Release|Any CPU.Build.0 = Release|Any CPU
		{E788CA1A-9838-48A1-A961-1137E74EAF70}.Release|ARM.ActiveCfg = Release|Any CPU
		{E788CA1A-9838-48A1-A961-1137E74EAF70}.Release|ARM.Build.0 = Release|Any CPU
		{E788CA1A-9838-48A1-A961-1137E74EAF70}.Release|x64.ActiveCfg = Release|Any CPU
		{E788CA1A-9838-48A1-A961-1137E74EAF70}.Release|x64.Build.0 = Release|Any CPU
		{E788CA1A-9838-48A1-A961-1137E74EAF70}.Release|x86.ActiveCfg = Release|Any CPU
		{E788CA1A-9838-48A1-A961-1137E74EAF70}.Release|x86.Build.0 = Release|Any CPU
		{8F1A39B5-108C-4C5B-ABBE-8885DC314AA1}.Debug|Any CPU.ActiveCfg = Debug|x86
		{8F1A39B5-108C-4C5B-ABBE-8885DC314AA1}.Debug|Any CPU.Build.0 = Debug|x86
		{8F1A39B5-108C-4C5B-ABBE-8885DC314AA1}.Debug|Any CPU.Deploy.0 = Debug|x86
		{8F1A39B5-108C-4C5B-ABBE-8885DC314AA1}.Debug|ARM.ActiveCfg = Debug|ARM
		{8F1A39B5-108C-4C5B-ABBE-8885DC314AA1}.Debug|ARM.Build.0 = Debug|ARM
		{8F1A39B5-108C-4C5B-ABBE-8885DC314AA1}.Debug|ARM.Deploy.0 = Debug|ARM
		{8F1A39B5-108C-4C5B-ABBE-8885DC314AA1}.Debug|x64.ActiveCfg = Debug|x64
		{8F1A39B5-108C-4C5B-ABBE-8885DC314AA1}.Debug|x64.Build.0 = Debug|x64
		{8F1A39B5-108C-4C5B-ABBE-8885DC314AA1}.Debug|x64.Deploy.0 = Debug|x64
		{8F1A39B5-108C-4C5B-ABBE-8885DC314AA1}.Debug|x86.ActiveCfg = Debug|x86
		{8F1A39B5-108C-4C5B-ABBE-8885DC314AA1}.Debug|x86.Build.0 = Debug|x86
		{8F1A39B5-108C-4C5B-ABBE-8885DC314AA1}.Debug|x86.Deploy.0 = Debug|x86
		{8F1A39B5-108C-4C5B-ABBE-8885DC314AA1}.Release|Any CPU.ActiveCfg = Release|x86
		{8F1A39B5-108C-4C5B-ABBE-8885DC314AA1}.Release|ARM.ActiveCfg = Release|ARM
		{8F1A39B5-108C-4C5B-ABBE-8885DC314AA1}.Release|ARM.Build.0 = Release|ARM
		{8F1A39B5-108C-4C5B-ABBE-8885DC314AA1}.Release|ARM.Deploy.0 = Release|ARM
		{8F1A39B5-108C-4C5B-ABBE-8885DC314AA1}.Release|x64.ActiveCfg = Release|x64
		{8F1A39B5-108C-4C5B-ABBE-8885DC314AA1}.Release|x64.Build.0 = Release|x64
		{8F1A39B5-108C-4C5B-ABBE-8885DC314AA1}.Release|x64.Deploy.0 = Release|x64
		{8F1A39B5-108C-4C5B-ABBE-8885DC314AA1}.Release|x86.ActiveCfg = Release|x86
		{8F1A39B5-108C-4C5B-ABBE-8885DC314AA1}.Release|x86.Build.0 = Release|x86
		{8F1A39B5-108C-4C5B-ABBE-8885DC314AA1}.Release|x86.Deploy.0 = Release|x86
		{E58A4FFB-DB5F-4989-AE8C-E8EBA394F0FD}.Debug|Any CPU.ActiveCfg = Debug|Any CPU
		{E58A4FFB-DB5F-4989-AE8C-E8EBA394F0FD}.Debug|Any CPU.Build.0 = Debug|Any CPU
		{E58A4FFB-DB5F-4989-AE8C-E8EBA394F0FD}.Debug|ARM.ActiveCfg = Debug|ARM
		{E58A4FFB-DB5F-4989-AE8C-E8EBA394F0FD}.Debug|ARM.Build.0 = Debug|ARM
		{E58A4FFB-DB5F-4989-AE8C-E8EBA394F0FD}.Debug|x64.ActiveCfg = Debug|x64
		{E58A4FFB-DB5F-4989-AE8C-E8EBA394F0FD}.Debug|x64.Build.0 = Debug|x64
		{E58A4FFB-DB5F-4989-AE8C-E8EBA394F0FD}.Debug|x86.ActiveCfg = Debug|x86
		{E58A4FFB-DB5F-4989-AE8C-E8EBA394F0FD}.Debug|x86.Build.0 = Debug|x86
		{E58A4FFB-DB5F-4989-AE8C-E8EBA394F0FD}.Release|Any CPU.ActiveCfg = Release|Any CPU
		{E58A4FFB-DB5F-4989-AE8C-E8EBA394F0FD}.Release|Any CPU.Build.0 = Release|Any CPU
		{E58A4FFB-DB5F-4989-AE8C-E8EBA394F0FD}.Release|ARM.ActiveCfg = Release|ARM
		{E58A4FFB-DB5F-4989-AE8C-E8EBA394F0FD}.Release|ARM.Build.0 = Release|ARM
		{E58A4FFB-DB5F-4989-AE8C-E8EBA394F0FD}.Release|x64.ActiveCfg = Release|x64
		{E58A4FFB-DB5F-4989-AE8C-E8EBA394F0FD}.Release|x64.Build.0 = Release|x64
		{E58A4FFB-DB5F-4989-AE8C-E8EBA394F0FD}.Release|x86.ActiveCfg = Release|x86
		{E58A4FFB-DB5F-4989-AE8C-E8EBA394F0FD}.Release|x86.Build.0 = Release|x86
		{A6303547-22A0-4CD1-902D-5AC054D33C54}.Debug|Any CPU.ActiveCfg = Debug|x86
		{A6303547-22A0-4CD1-902D-5AC054D33C54}.Debug|ARM.ActiveCfg = Debug|ARM
		{A6303547-22A0-4CD1-902D-5AC054D33C54}.Debug|ARM.Build.0 = Debug|ARM
		{A6303547-22A0-4CD1-902D-5AC054D33C54}.Debug|ARM.Deploy.0 = Debug|ARM
		{A6303547-22A0-4CD1-902D-5AC054D33C54}.Debug|x64.ActiveCfg = Debug|x64
		{A6303547-22A0-4CD1-902D-5AC054D33C54}.Debug|x64.Build.0 = Debug|x64
		{A6303547-22A0-4CD1-902D-5AC054D33C54}.Debug|x64.Deploy.0 = Debug|x64
		{A6303547-22A0-4CD1-902D-5AC054D33C54}.Debug|x86.ActiveCfg = Debug|x86
		{A6303547-22A0-4CD1-902D-5AC054D33C54}.Debug|x86.Build.0 = Debug|x86
		{A6303547-22A0-4CD1-902D-5AC054D33C54}.Debug|x86.Deploy.0 = Debug|x86
		{A6303547-22A0-4CD1-902D-5AC054D33C54}.Release|Any CPU.ActiveCfg = Release|x86
		{A6303547-22A0-4CD1-902D-5AC054D33C54}.Release|ARM.ActiveCfg = Release|ARM
		{A6303547-22A0-4CD1-902D-5AC054D33C54}.Release|ARM.Build.0 = Release|ARM
		{A6303547-22A0-4CD1-902D-5AC054D33C54}.Release|ARM.Deploy.0 = Release|ARM
		{A6303547-22A0-4CD1-902D-5AC054D33C54}.Release|x64.ActiveCfg = Release|x64
		{A6303547-22A0-4CD1-902D-5AC054D33C54}.Release|x64.Build.0 = Release|x64
		{A6303547-22A0-4CD1-902D-5AC054D33C54}.Release|x64.Deploy.0 = Release|x64
		{A6303547-22A0-4CD1-902D-5AC054D33C54}.Release|x86.ActiveCfg = Release|x86
		{A6303547-22A0-4CD1-902D-5AC054D33C54}.Release|x86.Build.0 = Release|x86
		{A6303547-22A0-4CD1-902D-5AC054D33C54}.Release|x86.Deploy.0 = Release|x86
	EndGlobalSection
	GlobalSection(SolutionProperties) = preSolution
		HideSolutionNode = FALSE
	EndGlobalSection
EndGlobal
